
Microsoft Visual Studio Solution File, Format Version 12.00
# Visual Studio Version 17
VisualStudioVersion = 17.1.32228.430
MinimumVisualStudioVersion = 10.0.40219.1
Project("{FAE04EC0-301F-11D3-BF4B-00C04F79EFBC}") = "Project.EF.DataAccess", "Project.EF.DataAccess\Project.EF.DataAccess.csproj", "{5C9E7225-66B3-4ECF-8E9A-9E09B1FC82D1}"
EndProject
Project("{FAE04EC0-301F-11D3-BF4B-00C04F79EFBC}") = "Project.EF.WinForm", "Project.EF.WinForm\Project.EF.WinForm.csproj", "{DCD6808C-0FEF-4251-A4B0-9151AAFCE1CE}"
EndProject
Global
	GlobalSection(SolutionConfigurationPlatforms) = preSolution
		Debug|Any CPU = Debug|Any CPU
		Release|Any CPU = Release|Any CPU
	EndGlobalSection
	GlobalSection(ProjectConfigurationPlatforms) = postSolution
		{5C9E7225-66B3-4ECF-8E9A-9E09B1FC82D1}.Debug|Any CPU.ActiveCfg = Debug|Any CPU
		{5C9E7225-66B3-4ECF-8E9A-9E09B1FC82D1}.Debug|Any CPU.Build.0 = Debug|Any CPU
		{5C9E7225-66B3-4ECF-8E9A-9E09B1FC82D1}.Release|Any CPU.ActiveCfg = Release|Any CPU
		{5C9E7225-66B3-4ECF-8E9A-9E09B1FC82D1}.Release|Any CPU.Build.0 = Release|Any CPU
		{DCD6808C-0FEF-4251-A4B0-9151AAFCE1CE}.Debug|Any CPU.ActiveCfg = Debug|Any CPU
		{DCD6808C-0FEF-4251-A4B0-9151AAFCE1CE}.Debug|Any CPU.Build.0 = Debug|Any CPU
		{DCD6808C-0FEF-4251-A4B0-9151AAFCE1CE}.Release|Any CPU.ActiveCfg = Release|Any CPU
		{DCD6808C-0FEF-4251-A4B0-9151AAFCE1CE}.Release|Any CPU.Build.0 = Release|Any CPU
	EndGlobalSection
	GlobalSection(SolutionProperties) = preSolution
		HideSolutionNode = FALSE
	EndGlobalSection
	GlobalSection(ExtensibilityGlobals) = postSolution
		SolutionGuid = {0F312BC0-7276-4E7E-9810-B82A28C28C27}
	EndGlobalSection
EndGlobal
